PODS:
  - RxCocoa (4.3.0):
    - RxSwift (~> 4.0)
  - RxSwift (4.3.0)

DEPENDENCIES:
  - RxCocoa
  - RxSwift

SPEC REPOS:
  https://github.com/cocoapods/specs.git:
    - RxCocoa
    - RxSwift

SPEC CHECKSUMS:
  RxCocoa: 71b9cce833fbcb89a8eec11816dd225830c2bd3c
  RxSwift: a9717a34df3179fe63563f76e046ad345078dd3a

PODFILE CHECKSUM: e8c2ff9146e81e6653f1474e7b71c55134670e07

COCOAPODS: 1.5.3
